
Microsoft Visual Studio Solution File, Format Version 12.00
# Visual Studio 15
VisualStudioVersion = 15.0.26430.14
MinimumVisualStudioVersion = 10.0.40219.1
Project("{2150E333-8FDC-42A3-9474-1A3956D46DE8}") = "Solution Items", "Solution Items", "{F2F838C6-9BF7-4FC9-B2A4-A69E7B5D46BF}"
	ProjectSection(SolutionItems) = preProject
		appveyor.yml = appveyor.yml
		AUTHORS = AUTHORS
		CHANGES = CHANGES
		LICENSE = LICENSE
		README.md = README.md
	EndProjectSection
EndProject
Project("{9A19103F-16F7-4668-BE54-9A1E7A4F7556}") = "Eve", "Eve\Eve.csproj", "{DD88D007-AD10-470D-9C89-AA8EE39857D0}"
EndProject
Project("{9A19103F-16F7-4668-BE54-9A1E7A4F7556}") = "Test", "Test\Test.csproj", "{5E1BB6F4-2FE8-400D-B9E1-64547F185A92}"
EndProject
Global
	GlobalSection(SolutionConfigurationPlatforms) = preSolution
		Ad-Hoc|Any CPU = Ad-Hoc|Any CPU
		Ad-Hoc|iPhone = Ad-Hoc|iPhone
		Ad-Hoc|iPhoneSimulator = Ad-Hoc|iPhoneSimulator
		AppStore|Any CPU = AppStore|Any CPU
		AppStore|iPhone = AppStore|iPhone
		AppStore|iPhoneSimulator = AppStore|iPhoneSimulator
		Debug|Any CPU = Debug|Any CPU
		Debug|iPhone = Debug|iPhone
		Debug|iPhoneSimulator = Debug|iPhoneSimulator
		Release|Any CPU = Release|Any CPU
		Release|iPhone = Release|iPhone
		Release|iPhoneSimulator = Release|iPhoneSimulator
	EndGlobalSection
	GlobalSection(ProjectConfigurationPlatforms) = postSolution
		{DD88D007-AD10-470D-9C89-AA8EE39857D0}.Ad-Hoc|Any CPU.ActiveCfg = Release|Any CPU
		{DD88D007-AD10-470D-9C89-AA8EE39857D0}.Ad-Hoc|Any CPU.Build.0 = Release|Any CPU
		{DD88D007-AD10-470D-9C89-AA8EE39857D0}.Ad-Hoc|iPhone.ActiveCfg = Release|Any CPU
		{DD88D007-AD10-470D-9C89-AA8EE39857D0}.Ad-Hoc|iPhone.Build.0 = Release|Any CPU
		{DD88D007-AD10-470D-9C89-AA8EE39857D0}.Ad-Hoc|iPhoneSimulator.ActiveCfg = Release|Any CPU
		{DD88D007-AD10-470D-9C89-AA8EE39857D0}.Ad-Hoc|iPhoneSimulator.Build.0 = Release|Any CPU
		{DD88D007-AD10-470D-9C89-AA8EE39857D0}.AppStore|Any CPU.ActiveCfg = Release|Any CPU
		{DD88D007-AD10-470D-9C89-AA8EE39857D0}.AppStore|Any CPU.Build.0 = Release|Any CPU
		{DD88D007-AD10-470D-9C89-AA8EE39857D0}.AppStore|iPhone.ActiveCfg = Release|Any CPU
		{DD88D007-AD10-470D-9C89-AA8EE39857D0}.AppStore|iPhone.Build.0 = Release|Any CPU
		{DD88D007-AD10-470D-9C89-AA8EE39857D0}.AppStore|iPhoneSimulator.ActiveCfg = Release|Any CPU
		{DD88D007-AD10-470D-9C89-AA8EE39857D0}.AppStore|iPhoneSimulator.Build.0 = Release|Any CPU
		{DD88D007-AD10-470D-9C89-AA8EE39857D0}.Debug|Any CPU.ActiveCfg = Debug|Any CPU
		{DD88D007-AD10-470D-9C89-AA8EE39857D0}.Debug|Any CPU.Build.0 = Debug|Any CPU
		{DD88D007-AD10-470D-9C89-AA8EE39857D0}.Debug|iPhone.ActiveCfg = Debug|Any CPU
		{DD88D007-AD10-470D-9C89-AA8EE39857D0}.Debug|iPhone.Build.0 = Debug|Any CPU
		{DD88D007-AD10-470D-9C89-AA8EE39857D0}.Debug|iPhoneSimulator.ActiveCfg = Debug|Any CPU
		{DD88D007-AD10-470D-9C89-AA8EE39857D0}.Debug|iPhoneSimulator.Build.0 = Debug|Any CPU
		{DD88D007-AD10-470D-9C89-AA8EE39857D0}.Release|Any CPU.ActiveCfg = Release|Any CPU
		{DD88D007-AD10-470D-9C89-AA8EE39857D0}.Release|Any CPU.Build.0 = Release|Any CPU
		{DD88D007-AD10-470D-9C89-AA8EE39857D0}.Release|iPhone.ActiveCfg = Release|Any CPU
		{DD88D007-AD10-470D-9C89-AA8EE39857D0}.Release|iPhone.Build.0 = Release|Any CPU
		{DD88D007-AD10-470D-9C89-AA8EE39857D0}.Release|iPhoneSimulator.ActiveCfg = Release|Any CPU
		{DD88D007-AD10-470D-9C89-AA8EE39857D0}.Release|iPhoneSimulator.Build.0 = Release|Any CPU
		{5E1BB6F4-2FE8-400D-B9E1-64547F185A92}.Ad-Hoc|Any CPU.ActiveCfg = Debug|Any CPU
		{5E1BB6F4-2FE8-400D-B9E1-64547F185A92}.Ad-Hoc|Any CPU.Build.0 = Debug|Any CPU
		{5E1BB6F4-2FE8-400D-B9E1-64547F185A92}.Ad-Hoc|iPhone.ActiveCfg = Debug|Any CPU
		{5E1BB6F4-2FE8-400D-B9E1-64547F185A92}.Ad-Hoc|iPhone.Build.0 = Debug|Any CPU
		{5E1BB6F4-2FE8-400D-B9E1-64547F185A92}.Ad-Hoc|iPhoneSimulator.ActiveCfg = Debug|Any CPU
		{5E1BB6F4-2FE8-400D-B9E1-64547F185A92}.Ad-Hoc|iPhoneSimulator.Build.0 = Debug|Any CPU
		{5E1BB6F4-2FE8-400D-B9E1-64547F185A92}.AppStore|Any CPU.ActiveCfg = Debug|Any CPU
		{5E1BB6F4-2FE8-400D-B9E1-64547F185A92}.AppStore|Any CPU.Build.0 = Debug|Any CPU
		{5E1BB6F4-2FE8-400D-B9E1-64547F185A92}.AppStore|iPhone.ActiveCfg = Debug|Any CPU
		{5E1BB6F4-2FE8-400D-B9E1-64547F185A92}.AppStore|iPhone.Build.0 = Debug|Any CPU
		{5E1BB6F4-2FE8-400D-B9E1-64547F185A92}.AppStore|iPhoneSimulator.ActiveCfg = Debug|Any CPU
		{5E1BB6F4-2FE8-400D-B9E1-64547F185A92}.AppStore|iPhoneSimulator.Build.0 = Debug|Any CPU
		{5E1BB6F4-2FE8-400D-B9E1-64547F185A92}.Debug|Any CPU.ActiveCfg = Debug|Any CPU
		{5E1BB6F4-2FE8-400D-B9E1-64547F185A92}.Debug|Any CPU.Build.0 = Debug|Any CPU
		{5E1BB6F4-2FE8-400D-B9E1-64547F185A92}.Debug|iPhone.ActiveCfg = Debug|Any CPU
		{5E1BB6F4-2FE8-400D-B9E1-64547F185A92}.Debug|iPhone.Build.0 = Debug|Any CPU
		{5E1BB6F4-2FE8-400D-B9E1-64547F185A92}.Debug|iPhoneSimulator.ActiveCfg = Debug|Any CPU
		{5E1BB6F4-2FE8-400D-B9E1-64547F185A92}.Debug|iPhoneSimulator.Build.0 = Debug|Any CPU
		{5E1BB6F4-2FE8-400D-B9E1-64547F185A92}.Release|Any CPU.ActiveCfg = Release|Any CPU
		{5E1BB6F4-2FE8-400D-B9E1-64547F185A92}.Release|Any CPU.Build.0 = Release|Any CPU
		{5E1BB6F4-2FE8-400D-B9E1-64547F185A92}.Release|iPhone.ActiveCfg = Release|Any CPU
		{5E1BB6F4-2FE8-400D-B9E1-64547F185A92}.Release|iPhone.Build.0 = Release|Any CPU
		{5E1BB6F4-2FE8-400D-B9E1-64547F185A92}.Release|iPhoneSimulator.ActiveCfg = Release|Any CPU
		{5E1BB6F4-2FE8-400D-B9E1-64547F185A92}.Release|iPhoneSimulator.Build.0 = Release|Any CPU
	EndGlobalSection
	GlobalSection(SolutionProperties) = preSolution
		HideSolutionNode = FALSE
	EndGlobalSection
	GlobalSection(ExtensibilityGlobals) = postSolution
		SolutionGuid = {00A46E1B-C049-445A-871B-BD918DA98DF3}
	EndGlobalSection
	GlobalSection(MonoDevelopProperties) = preSolution
		StartupItem = Eve.NET\Eve.NET.csproj
	EndGlobalSection
EndGlobal
