
Microsoft Visual Studio Solution File, Format Version 12.00
# Visual Studio 14
VisualStudioVersion = 14.0.23107.0
MinimumVisualStudioVersion = 10.0.40219.1
Project("{2150E333-8FDC-42A3-9474-1A3956D46DE8}") = "Solution Items", "Solution Items", "{F2F838C6-9BF7-4FC9-B2A4-A69E7B5D46BF}"
	ProjectSection(SolutionItems) = preProject
		AUTHORS.txt = AUTHORS.txt
		CHANGES = CHANGES
		LICENSE.txt = LICENSE.txt
		README.md = README.md
	EndProjectSection
EndProject
Project("{FAE04EC0-301F-11D3-BF4B-00C04F79EFBC}") = "Eve.Net4", "Eve.Net4\Eve.Net4.csproj", "{43AFF1E2-C4DC-4737-963B-7CE26A559BAF}"
EndProject
Project("{FAE04EC0-301F-11D3-BF4B-00C04F79EFBC}") = "Eve.Net45", "Eve.Net45\Eve.Net45.csproj", "{9E85BFB7-DA75-4988-98FB-524F290DF01C}"
EndProject
Project("{FAE04EC0-301F-11D3-BF4B-00C04F79EFBC}") = "Eve.Tests", "Eve.Tests\Eve.Tests.csproj", "{30BD6CB4-B66D-44DB-AAFB-B4F5B90853C3}"
EndProject
Project("{FAE04EC0-301F-11D3-BF4B-00C04F79EFBC}") = "Eve.iOS", "Eve.iOS\Eve.iOS.csproj", "{C932BF3E-ECDD-4A3C-9BA2-10D92A6C3143}"
EndProject
Project("{D954291E-2A0B-460D-934E-DC6B0785DB48}") = "Eve.Core", "Eve.Core\Eve.Core.shproj", "{39C8A2DD-D004-445B-8FEC-6F1A65B15C94}"
EndProject
Global
	GlobalSection(SharedMSBuildProjectFiles) = preSolution
		Eve.Core\Eve.Core.projitems*{39c8a2dd-d004-445b-8fec-6f1a65b15c94}*SharedItemsImports = 13
		Eve.Core\Eve.Core.projitems*{43aff1e2-c4dc-4737-963b-7ce26a559baf}*SharedItemsImports = 4
		Eve.Core\Eve.Core.projitems*{9e85bfb7-da75-4988-98fb-524f290df01c}*SharedItemsImports = 4
		Eve.Core\Eve.Core.projitems*{c932bf3e-ecdd-4a3c-9ba2-10d92a6c3143}*SharedItemsImports = 4
	EndGlobalSection
	GlobalSection(SolutionConfigurationPlatforms) = preSolution
		Debug|Any CPU = Debug|Any CPU
		Release|Any CPU = Release|Any CPU
	EndGlobalSection
	GlobalSection(ProjectConfigurationPlatforms) = postSolution
		{43AFF1E2-C4DC-4737-963B-7CE26A559BAF}.Debug|Any CPU.ActiveCfg = Debug|Any CPU
		{43AFF1E2-C4DC-4737-963B-7CE26A559BAF}.Debug|Any CPU.Build.0 = Debug|Any CPU
		{43AFF1E2-C4DC-4737-963B-7CE26A559BAF}.Release|Any CPU.ActiveCfg = Release|Any CPU
		{43AFF1E2-C4DC-4737-963B-7CE26A559BAF}.Release|Any CPU.Build.0 = Release|Any CPU
		{9E85BFB7-DA75-4988-98FB-524F290DF01C}.Debug|Any CPU.ActiveCfg = Debug|Any CPU
		{9E85BFB7-DA75-4988-98FB-524F290DF01C}.Debug|Any CPU.Build.0 = Debug|Any CPU
		{9E85BFB7-DA75-4988-98FB-524F290DF01C}.Release|Any CPU.ActiveCfg = Release|Any CPU
		{9E85BFB7-DA75-4988-98FB-524F290DF01C}.Release|Any CPU.Build.0 = Release|Any CPU
		{30BD6CB4-B66D-44DB-AAFB-B4F5B90853C3}.Debug|Any CPU.ActiveCfg = Debug|Any CPU
		{30BD6CB4-B66D-44DB-AAFB-B4F5B90853C3}.Debug|Any CPU.Build.0 = Debug|Any CPU
		{30BD6CB4-B66D-44DB-AAFB-B4F5B90853C3}.Release|Any CPU.ActiveCfg = Release|Any CPU
		{30BD6CB4-B66D-44DB-AAFB-B4F5B90853C3}.Release|Any CPU.Build.0 = Release|Any CPU
		{C932BF3E-ECDD-4A3C-9BA2-10D92A6C3143}.Debug|Any CPU.ActiveCfg = Debug|Any CPU
		{C932BF3E-ECDD-4A3C-9BA2-10D92A6C3143}.Debug|Any CPU.Build.0 = Debug|Any CPU
		{C932BF3E-ECDD-4A3C-9BA2-10D92A6C3143}.Release|Any CPU.ActiveCfg = Release|Any CPU
		{C932BF3E-ECDD-4A3C-9BA2-10D92A6C3143}.Release|Any CPU.Build.0 = Release|Any CPU
	EndGlobalSection
	GlobalSection(SolutionProperties) = preSolution
		HideSolutionNode = FALSE
	EndGlobalSection
	GlobalSection(MonoDevelopProperties) = preSolution
		StartupItem = Eve.NET\Eve.NET.csproj
	EndGlobalSection
EndGlobal
